
Microsoft Visual Studio Solution File, Format Version 12.00
# Visual Studio Version 17
VisualStudioVersion = 17.3.32714.290
MinimumVisualStudioVersion = 10.0.40219.1
Project("{FAE04EC0-301F-11D3-BF4B-00C04F79EFBC}") = "RankedVoting", "RankedVoting\RankedVoting.csproj", "{D4605783-A508-46C6-8130-E96E79ACC470}"
EndProject
Global
	GlobalSection(SolutionConfigurationPlatforms) = preSolution
		Debug|Any CPU = Debug|Any CPU
		Release|Any CPU = Release|Any CPU
	EndGlobalSection
	GlobalSection(ProjectConfigurationPlatforms) = postSolution
		{D4605783-A508-46C6-8130-E96E79ACC470}.Debug|Any CPU.ActiveCfg = Debug|Any CPU
		{D4605783-A508-46C6-8130-E96E79ACC470}.Debug|Any CPU.Build.0 = Debug|Any CPU
		{D4605783-A508-46C6-8130-E96E79ACC470}.Release|Any CPU.ActiveCfg = Release|Any CPU
		{D4605783-A508-46C6-8130-E96E79ACC470}.Release|Any CPU.Build.0 = Release|Any CPU
	EndGlobalSection
	GlobalSection(SolutionProperties) = preSolution
		HideSolutionNode = FALSE
	EndGlobalSection
	GlobalSection(ExtensibilityGlobals) = postSolution
		SolutionGuid = {38D83A24-4B99-486A-A32C-BE9588315D7B}
	EndGlobalSection
EndGlobal
